lockfileVersion: '6.1'

settings:
  autoInstallPeers: true
  excludeLinksFromLockfile: false

dependencies:
  '@types/matter-js':
    specifier: ^0.19.7
    version: registry.npmmirror.com/@types/matter-js@0.19.7
  howler:
    specifier: ^2.2.4
    version: registry.npmmirror.com/howler@2.2.4
  matter-js:
    specifier: ^0.20.0
    version: registry.npmmirror.com/matter-js@0.20.0
  pixi.js:
    specifier: ^8.2.5
    version: registry.npmmirror.com/pixi.js@8.2.5

packages:

  registry.npmmirror.com/@pixi/colord@2.9.6:
    resolution: {integrity: sha512-nezytU2pw587fQstUu1AsJZDVEynjskwOL+kibwcdxsMBFqPsFFNA7xl0ii/gXuDi6M0xj3mfRJj8pBSc2jCfA==, registry: http://registry.npm.taobao.org/, tarball: https://registry.npmmirror.com/@pixi/colord/-/colord-2.9.6.tgz}
    name: '@pixi/colord'
    version: 2.9.6
    dev: false

  registry.npmmirror.com/@types/css-font-loading-module@0.0.12:
    resolution: {integrity: sha512-x2tZZYkSxXqWvTDgveSynfjq/T2HyiZHXb00j/+gy19yp70PHCizM48XFdjBCWH7eHBD0R5i/pw9yMBP/BH5uA==, registry: http://registry.npm.taobao.org/, tarball: https://registry.npmmirror.com/@types/css-font-loading-module/-/css-font-loading-module-0.0.12.tgz}
    name: '@types/css-font-loading-module'
    version: 0.0.12
    dev: false

  registry.npmmirror.com/@types/earcut@2.1.4:
    resolution: {integrity: sha512-qp3m9PPz4gULB9MhjGID7wpo3gJ4bTGXm7ltNDsmOvsPduTeHp8wSW9YckBj3mljeOh4F0m2z/0JKAALRKbmLQ==, registry: http://registry.npm.taobao.org/, tarball: https://registry.npmmirror.com/@types/earcut/-/earcut-2.1.4.tgz}
    name: '@types/earcut'
    version: 2.1.4
    dev: false

  registry.npmmirror.com/@types/matter-js@0.19.7:
    resolution: {integrity: sha512-dlh50YEh1lQS4fiCDGBnK75ocHQIq/1E371Qk6hASJImICIivdZQC2GkOqnfBm0Hac2xLk5+yrqRFDAEfj/yLA==, registry: http://registry.npm.taobao.org/, tarball: https://registry.npmmirror.com/@types/matter-js/-/matter-js-0.19.7.tgz}
    name: '@types/matter-js'
    version: 0.19.7
    dev: false

  registry.npmmirror.com/@webgpu/types@0.1.44:
    resolution: {integrity: sha512-JDpYJN5E/asw84LTYhKyvPpxGnD+bAKPtpW9Ilurf7cZpxaTbxkQcGwOd7jgB9BPBrTYQ+32ufo4HiuomTjHNQ==, registry: http://registry.npm.taobao.org/, tarball: https://registry.npmmirror.com/@webgpu/types/-/types-0.1.44.tgz}
    name: '@webgpu/types'
    version: 0.1.44
    dev: false

  registry.npmmirror.com/@xmldom/xmldom@0.8.10:
    resolution: {integrity: sha512-2WALfTl4xo2SkGCYRt6rDTFfk9R1czmBvUQy12gK2KuRKIpWEhcbbzy8EZXtz/jkRqHX8bFEc6FC1HjX4TUWYw==, registry: http://registry.npm.taobao.org/, tarball: https://registry.npmmirror.com/@xmldom/xmldom/-/xmldom-0.8.10.tgz}
    name: '@xmldom/xmldom'
    version: 0.8.10
    engines: {node: '>=10.0.0'}
    dev: false

  registry.npmmirror.com/earcut@2.2.4:
    resolution: {integrity: sha512-/pjZsA1b4RPHbeWZQn66SWS8nZZWLQQ23oE3Eam7aroEFGEvwKAsJfZ9ytiEMycfzXWpca4FA9QIOehf7PocBQ==, registry: http://registry.npm.taobao.org/, tarball: https://registry.npmmirror.com/earcut/-/earcut-2.2.4.tgz}
    name: earcut
    version: 2.2.4
    dev: false

  registry.npmmirror.com/eventemitter3@5.0.1:
    resolution: {integrity: sha512-GWkBvjiSZK87ELrYOSESUYeVIc9mvLLf/nXalMOS5dYrgZq9o5OVkbZAVM06CVxYsCwH9BDZFPlQTlPA1j4ahA==, registry: http://registry.npm.taobao.org/, tarball: https://registry.npmmirror.com/eventemitter3/-/eventemitter3-5.0.1.tgz}
    name: eventemitter3
    version: 5.0.1
    dev: false

  registry.npmmirror.com/howler@2.2.4:
    resolution: {integrity: sha512-iARIBPgcQrwtEr+tALF+rapJ8qSc+Set2GJQl7xT1MQzWaVkFebdJhR3alVlSiUf5U7nAANKuj3aWpwerocD5w==, registry: http://registry.npm.taobao.org/, tarball: https://registry.npmmirror.com/howler/-/howler-2.2.4.tgz}
    name: howler
    version: 2.2.4
    dev: false

  registry.npmmirror.com/ismobilejs@1.1.1:
    resolution: {integrity: sha512-VaFW53yt8QO61k2WJui0dHf4SlL8lxBofUuUmwBo0ljPk0Drz2TiuDW4jo3wDcv41qy/SxrJ+VAzJ/qYqsmzRw==, registry: http://registry.npm.taobao.org/, tarball: https://registry.npmmirror.com/ismobilejs/-/ismobilejs-1.1.1.tgz}
    name: ismobilejs
    version: 1.1.1
    dev: false

  registry.npmmirror.com/matter-js@0.20.0:
    resolution: {integrity: sha512-iC9fYR7zVT3HppNnsFsp9XOoQdQN2tUyfaKg4CHLH8bN+j6GT4Gw7IH2rP0tflAebrHFw730RR3DkVSZRX8hwA==, registry: http://registry.npm.taobao.org/, tarball: https://registry.npmmirror.com/matter-js/-/matter-js-0.20.0.tgz}
    name: matter-js
    version: 0.20.0
    dev: false

  registry.npmmirror.com/parse-svg-path@0.1.2:
    resolution: {integrity: sha512-JyPSBnkTJ0AI8GGJLfMXvKq42cj5c006fnLz6fXy6zfoVjJizi8BNTpu8on8ziI1cKy9d9DGNuY17Ce7wuejpQ==, registry: http://registry.npm.taobao.org/, tarball: https://registry.npmmirror.com/parse-svg-path/-/parse-svg-path-0.1.2.tgz}
    name: parse-svg-path
    version: 0.1.2
    dev: false

  registry.npmmirror.com/pixi.js@8.2.5:
    resolution: {integrity: sha512-cpN4f4Duj2mDPQeDQJQ33LXA8wIGMpWbhld1SklEwESRULYPUsY84zXC8B+Cyl+zojcXH7eY1OMEdbbIPMb+rA==, registry: http://registry.npm.taobao.org/, tarball: https://registry.npmmirror.com/pixi.js/-/pixi.js-8.2.5.tgz}
    name: pixi.js
    version: 8.2.5
    dependencies:
      '@pixi/colord': registry.npmmirror.com/@pixi/colord@2.9.6
      '@types/css-font-loading-module': registry.npmmirror.com/@types/css-font-loading-module@0.0.12
      '@types/earcut': registry.npmmirror.com/@types/earcut@2.1.4
      '@webgpu/types': registry.npmmirror.com/@webgpu/types@0.1.44
      '@xmldom/xmldom': registry.npmmirror.com/@xmldom/xmldom@0.8.10
      earcut: registry.npmmirror.com/earcut@2.2.4
      eventemitter3: registry.npmmirror.com/eventemitter3@5.0.1
      ismobilejs: registry.npmmirror.com/ismobilejs@1.1.1
      parse-svg-path: registry.npmmirror.com/parse-svg-path@0.1.2
    dev: false
